
Microsoft Visual Studio Solution File, Format Version 12.00
# Visual Studio Version 16
VisualStudioVersion = 16.0.32602.291
MinimumVisualStudioVersion = 10.0.40219.1
Project("{FAE04EC0-301F-11D3-BF4B-00C04F79EFBC}") = "GraphQL_Intro", "GraphQL_Intro\GraphQL_Intro.csproj", "{E498C0DA-7CEC-4C5A-B581-78D09BC1CB18}"
EndProject
Global
	GlobalSection(SolutionConfigurationPlatforms) = preSolution
		Debug|Any CPU = Debug|Any CPU
		Release|Any CPU = Release|Any CPU
	EndGlobalSection
	GlobalSection(ProjectConfigurationPlatforms) = postSolution
		{E498C0DA-7CEC-4C5A-B581-78D09BC1CB18}.Debug|Any CPU.ActiveCfg = Debug|Any CPU
		{E498C0DA-7CEC-4C5A-B581-78D09BC1CB18}.Debug|Any CPU.Build.0 = Debug|Any CPU
		{E498C0DA-7CEC-4C5A-B581-78D09BC1CB18}.Release|Any CPU.ActiveCfg = Release|Any CPU
		{E498C0DA-7CEC-4C5A-B581-78D09BC1CB18}.Release|Any CPU.Build.0 = Release|Any CPU
	EndGlobalSection
	GlobalSection(SolutionProperties) = preSolution
		HideSolutionNode = FALSE
	EndGlobalSection
	GlobalSection(ExtensibilityGlobals) = postSolution
		SolutionGuid = {557FADB6-C1E4-4CF3-AAC2-8DE3A7A3DA23}
	EndGlobalSection
EndGlobal
